
Microsoft Visual Studio Solution File, Format Version 12.00
# Visual Studio Version 17
VisualStudioVersion = 17.9.34714.143
MinimumVisualStudioVersion = 10.0.40219.1
Project("{FAE04EC0-301F-11D3-BF4B-00C04F79EFBC}") = "MonitorEmployeeTracker", "MonitorEmployeeTracker\MonitorEmployeeTracker.csproj", "{F85C7123-FD66-438E-B9A2-8C3A1D560354}"
EndProject
Global
	GlobalSection(SolutionConfigurationPlatforms) = preSolution
		Debug|Any CPU = Debug|Any CPU
		Release|Any CPU = Release|Any CPU
	EndGlobalSection
	GlobalSection(ProjectConfigurationPlatforms) = postSolution
		{F85C7123-FD66-438E-B9A2-8C3A1D560354}.Debug|Any CPU.ActiveCfg = Debug|Any CPU
		{F85C7123-FD66-438E-B9A2-8C3A1D560354}.Debug|Any CPU.Build.0 = Debug|Any CPU
		{F85C7123-FD66-438E-B9A2-8C3A1D560354}.Release|Any CPU.ActiveCfg = Release|Any CPU
		{F85C7123-FD66-438E-B9A2-8C3A1D560354}.Release|Any CPU.Build.0 = Release|Any CPU
	EndGlobalSection
	GlobalSection(SolutionProperties) = preSolution
		HideSolutionNode = FALSE
	EndGlobalSection
	GlobalSection(ExtensibilityGlobals) = postSolution
		SolutionGuid = {20926776-83E1-4361-B4FD-62F5F9B6D38D}
	EndGlobalSection
EndGlobal
